
Microsoft Visual Studio Solution File, Format Version 12.00
# Visual Studio Version 17
VisualStudioVersion = 17.7.34009.444
MinimumVisualStudioVersion = 10.0.40219.1
Project("{9A19103F-16F7-4668-BE54-9A1E7A4F7556}") = "LIT.Smabu.Server", "LIT.Smabu\Server\LIT.Smabu.Server.csproj", "{5801C6F1-0EC9-4642-B02D-E4F0D1083718}"
EndProject
Project("{9A19103F-16F7-4668-BE54-9A1E7A4F7556}") = "LIT.Smabu.Client", "LIT.Smabu\Client\LIT.Smabu.Client.csproj", "{2BC905F3-5868-4E84-BB00-E076A7B31C38}"
EndProject
Project("{9A19103F-16F7-4668-BE54-9A1E7A4F7556}") = "LIT.Smabu.Infrastructure", "LIT.Smabu\Infrastructure\LIT.Smabu.Infrastructure.csproj", "{48BE4409-B24D-4661-8310-2C5DAB7FFBA8}"
EndProject
Project("{9A19103F-16F7-4668-BE54-9A1E7A4F7556}") = "LIT.Smabu.InfrastructureTests", "LIT.Smabu\InfrastructureTests\LIT.Smabu.InfrastructureTests.csproj", "{7EDB41B9-1411-4303-AF05-880885920D05}"
EndProject
Project("{2150E333-8FDC-42A3-9474-1A3956D46DE8}") = "1. App", "1. App", "{54C23F3E-8F82-4E3A-9362-044318F0FE33}"
EndProject
Project("{2150E333-8FDC-42A3-9474-1A3956D46DE8}") = "2. Logic", "2. Logic", "{084D31B8-D03B-45BE-BC77-B0ED79B4D9BD}"
EndProject
Project("{2150E333-8FDC-42A3-9474-1A3956D46DE8}") = "4. Tests", "4. Tests", "{C1A4CA41-9FC6-47C8-9A1B-20B4C2A7212E}"
EndProject
Project("{9A19103F-16F7-4668-BE54-9A1E7A4F7556}") = "LIT.Smabu.Business.Service", "LIT.Smabu\Services\LIT.Smabu.Business.Service.csproj", "{7399A253-8298-4337-B252-6A942E747141}"
EndProject
Project("{2150E333-8FDC-42A3-9474-1A3956D46DE8}") = "3. Technical", "3. Technical", "{3B0B3303-92B4-4768-A7AA-04ED5667B8A2}"
EndProject
Project("{9A19103F-16F7-4668-BE54-9A1E7A4F7556}") = "LIT.Smabu.Domain.Shared", "LIT.Smabu\Shared.Domain\LIT.Smabu.Domain.Shared.csproj", "{8A06C5B9-473B-400A-AE69-A7942018B35C}"
EndProject
Project("{9A19103F-16F7-4668-BE54-9A1E7A4F7556}") = "LIT.Smabu.Shared", "LIT.Smabu\Shared\LIT.Smabu.Shared.csproj", "{E7744B4B-2C03-4D06-A143-EDDDA136FD7E}"
EndProject
Project("{FAE04EC0-301F-11D3-BF4B-00C04F79EFBC}") = "LIT.Smabu.Domain.SharedTests", "LIT.Smabu\LIT.Smabu.Domain.SharedTests\LIT.Smabu.Domain.SharedTests.csproj", "{04065987-955D-4584-B637-60B82495B253}"
EndProject
Global
	GlobalSection(SolutionConfigurationPlatforms) = preSolution
		Debug|Any CPU = Debug|Any CPU
		Release|Any CPU = Release|Any CPU
	EndGlobalSection
	GlobalSection(ProjectConfigurationPlatforms) = postSolution
		{5801C6F1-0EC9-4642-B02D-E4F0D1083718}.Debug|Any CPU.ActiveCfg = Debug|Any CPU
		{5801C6F1-0EC9-4642-B02D-E4F0D1083718}.Debug|Any CPU.Build.0 = Debug|Any CPU
		{5801C6F1-0EC9-4642-B02D-E4F0D1083718}.Release|Any CPU.ActiveCfg = Release|Any CPU
		{5801C6F1-0EC9-4642-B02D-E4F0D1083718}.Release|Any CPU.Build.0 = Release|Any CPU
		{2BC905F3-5868-4E84-BB00-E076A7B31C38}.Debug|Any CPU.ActiveCfg = Debug|Any CPU
		{2BC905F3-5868-4E84-BB00-E076A7B31C38}.Debug|Any CPU.Build.0 = Debug|Any CPU
		{2BC905F3-5868-4E84-BB00-E076A7B31C38}.Release|Any CPU.ActiveCfg = Release|Any CPU
		{2BC905F3-5868-4E84-BB00-E076A7B31C38}.Release|Any CPU.Build.0 = Release|Any CPU
		{48BE4409-B24D-4661-8310-2C5DAB7FFBA8}.Debug|Any CPU.ActiveCfg = Debug|Any CPU
		{48BE4409-B24D-4661-8310-2C5DAB7FFBA8}.Debug|Any CPU.Build.0 = Debug|Any CPU
		{48BE4409-B24D-4661-8310-2C5DAB7FFBA8}.Release|Any CPU.ActiveCfg = Release|Any CPU
		{48BE4409-B24D-4661-8310-2C5DAB7FFBA8}.Release|Any CPU.Build.0 = Release|Any CPU
		{7EDB41B9-1411-4303-AF05-880885920D05}.Debug|Any CPU.ActiveCfg = Debug|Any CPU
		{7EDB41B9-1411-4303-AF05-880885920D05}.Debug|Any CPU.Build.0 = Debug|Any CPU
		{7EDB41B9-1411-4303-AF05-880885920D05}.Release|Any CPU.ActiveCfg = Release|Any CPU
		{7EDB41B9-1411-4303-AF05-880885920D05}.Release|Any CPU.Build.0 = Release|Any CPU
		{7399A253-8298-4337-B252-6A942E747141}.Debug|Any CPU.ActiveCfg = Debug|Any CPU
		{7399A253-8298-4337-B252-6A942E747141}.Debug|Any CPU.Build.0 = Debug|Any CPU
		{7399A253-8298-4337-B252-6A942E747141}.Release|Any CPU.ActiveCfg = Release|Any CPU
		{7399A253-8298-4337-B252-6A942E747141}.Release|Any CPU.Build.0 = Release|Any CPU
		{8A06C5B9-473B-400A-AE69-A7942018B35C}.Debug|Any CPU.ActiveCfg = Debug|Any CPU
		{8A06C5B9-473B-400A-AE69-A7942018B35C}.Debug|Any CPU.Build.0 = Debug|Any CPU
		{8A06C5B9-473B-400A-AE69-A7942018B35C}.Release|Any CPU.ActiveCfg = Release|Any CPU
		{8A06C5B9-473B-400A-AE69-A7942018B35C}.Release|Any CPU.Build.0 = Release|Any CPU
		{E7744B4B-2C03-4D06-A143-EDDDA136FD7E}.Debug|Any CPU.ActiveCfg = Debug|Any CPU
		{E7744B4B-2C03-4D06-A143-EDDDA136FD7E}.Debug|Any CPU.Build.0 = Debug|Any CPU
		{E7744B4B-2C03-4D06-A143-EDDDA136FD7E}.Release|Any CPU.ActiveCfg = Release|Any CPU
		{E7744B4B-2C03-4D06-A143-EDDDA136FD7E}.Release|Any CPU.Build.0 = Release|Any CPU
		{04065987-955D-4584-B637-60B82495B253}.Debug|Any CPU.ActiveCfg = Debug|Any CPU
		{04065987-955D-4584-B637-60B82495B253}.Debug|Any CPU.Build.0 = Debug|Any CPU
		{04065987-955D-4584-B637-60B82495B253}.Release|Any CPU.ActiveCfg = Release|Any CPU
		{04065987-955D-4584-B637-60B82495B253}.Release|Any CPU.Build.0 = Release|Any CPU
	EndGlobalSection
	GlobalSection(SolutionProperties) = preSolution
		HideSolutionNode = FALSE
	EndGlobalSection
	GlobalSection(NestedProjects) = preSolution
		{5801C6F1-0EC9-4642-B02D-E4F0D1083718} = {54C23F3E-8F82-4E3A-9362-044318F0FE33}
		{2BC905F3-5868-4E84-BB00-E076A7B31C38} = {54C23F3E-8F82-4E3A-9362-044318F0FE33}
		{48BE4409-B24D-4661-8310-2C5DAB7FFBA8} = {3B0B3303-92B4-4768-A7AA-04ED5667B8A2}
		{7EDB41B9-1411-4303-AF05-880885920D05} = {C1A4CA41-9FC6-47C8-9A1B-20B4C2A7212E}
		{7399A253-8298-4337-B252-6A942E747141} = {084D31B8-D03B-45BE-BC77-B0ED79B4D9BD}
		{8A06C5B9-473B-400A-AE69-A7942018B35C} = {084D31B8-D03B-45BE-BC77-B0ED79B4D9BD}
		{E7744B4B-2C03-4D06-A143-EDDDA136FD7E} = {54C23F3E-8F82-4E3A-9362-044318F0FE33}
		{04065987-955D-4584-B637-60B82495B253} = {C1A4CA41-9FC6-47C8-9A1B-20B4C2A7212E}
	EndGlobalSection
	GlobalSection(ExtensibilityGlobals) = postSolution
		SolutionGuid = {ED7C0E7B-DCBA-4017-B14F-1E3082846B34}
	EndGlobalSection
EndGlobal
